{
  "name": "briffai-tg-bot",
  "version": "0.0.1",
  "lockfileVersion": 3,
  "requires": true,
  "packages": {
    "": {
      "name": "briffai-tg-bot",
      "version": "0.0.1",
      "license": "UNLICENSED",
      "dependencies": {
        "@nestjs/cli": "file:packages/nestjs-cli",
        "@nestjs/common": "file:packages/nestjs-common",
        "@nestjs/config": "file:packages/nestjs-config",
        "@nestjs/core": "file:packages/nestjs-core",
        "@nestjs/platform-express": "file:packages/nestjs-platform-express",
        "firebase-admin": "file:packages/firebase-admin",
        "nestjs-telegraf": "file:packages/nestjs-telegraf",
        "openai": "file:packages/openai",
        "reflect-metadata": "file:packages/reflect-metadata",
        "rxjs": "file:packages/rxjs",
        "telegraf": "file:packages/telegraf"
      }
    },
    "node_modules/@nestjs/cli": {
      "resolved": "packages/nestjs-cli",
      "link": true
    },
    "node_modules/@nestjs/common": {
      "resolved": "packages/nestjs-common",
      "link": true
    },
    "node_modules/@nestjs/config": {
      "resolved": "packages/nestjs-config",
      "link": true
    },
    "node_modules/@nestjs/core": {
      "resolved": "packages/nestjs-core",
      "link": true
    },
    "node_modules/@nestjs/platform-express": {
      "resolved": "packages/nestjs-platform-express",
      "link": true
    },
    "node_modules/firebase-admin": {
      "resolved": "packages/firebase-admin",
      "link": true
    },
    "node_modules/nestjs-telegraf": {
      "resolved": "packages/nestjs-telegraf",
      "link": true
    },
    "node_modules/openai": {
      "resolved": "packages/openai",
      "link": true
    },
    "node_modules/reflect-metadata": {
      "resolved": "packages/reflect-metadata",
      "link": true
    },
    "node_modules/rxjs": {
      "resolved": "packages/rxjs",
      "link": true
    },
    "node_modules/telegraf": {
      "resolved": "packages/telegraf",
      "link": true
    },
    "packages/firebase-admin": {
      "version": "0.0.0"
    },
    "packages/nestjs-cli": {
      "name": "@nestjs/cli",
      "version": "0.0.0",
      "bin": {
        "nest": "bin/nest.js"
      }
    },
    "packages/nestjs-common": {
      "name": "@nestjs/common",
      "version": "0.0.0"
    },
    "packages/nestjs-config": {
      "name": "@nestjs/config",
      "version": "0.0.0"
    },
    "packages/nestjs-core": {
      "name": "@nestjs/core",
      "version": "0.0.0"
    },
    "packages/nestjs-platform-express": {
      "name": "@nestjs/platform-express",
      "version": "0.0.0"
    },
    "packages/nestjs-telegraf": {
      "version": "0.0.0"
    },
    "packages/openai": {
      "version": "0.0.0"
    },
    "packages/reflect-metadata": {
      "version": "0.0.0"
    },
    "packages/rxjs": {
      "version": "0.0.0"
    },
    "packages/telegraf": {
      "version": "0.0.0"
    }
  }
}
